{
  "name": "lonexdesign",
  "lockfileVersion": 3,
  "requires": true,
  "packages": {
    "../son-ds/packages/react": {
      "name": "@son-ds/react",
      "version": "1.0.1",
      "extraneous": true,
      "license": "MIT",
      "dependencies": {
        "@son-ds/core": "*"
      },
      "devDependencies": {
        "@types/react": "^18 || ^19"
      },
      "peerDependencies": {
        "react": "^18 || ^19",
        "react-dom": "^18 || ^19"
      }
    }
  }
}
